
Microsoft Visual Studio Solution File, Format Version 12.00
# Visual Studio Version 17
VisualStudioVersion = 17.14.36717.8 d17.14
MinimumVisualStudioVersion = 10.0.40219.1
Project("{FAE04EC0-301F-11D3-BF4B-00C04F79EFBC}") = "FrozenTunnel", "FrozenTunnel\FrozenTunnel.csproj", "{F92FED61-1474-4526-98DB-05EE2F2FA51D}"
EndProject
Global
	GlobalSection(SolutionConfigurationPlatforms) = preSolution
		Debug|Any CPU = Debug|Any CPU
		Release|Any CPU = Release|Any CPU
	EndGlobalSection
	GlobalSection(ProjectConfigurationPlatforms) = postSolution
		{F92FED61-1474-4526-98DB-05EE2F2FA51D}.Debug|Any CPU.ActiveCfg = Debug|Any CPU
		{F92FED61-1474-4526-98DB-05EE2F2FA51D}.Debug|Any CPU.Build.0 = Debug|Any CPU
		{F92FED61-1474-4526-98DB-05EE2F2FA51D}.Release|Any CPU.ActiveCfg = Release|Any CPU
		{F92FED61-1474-4526-98DB-05EE2F2FA51D}.Release|Any CPU.Build.0 = Release|Any CPU
	EndGlobalSection
	GlobalSection(SolutionProperties) = preSolution
		HideSolutionNode = FALSE
	EndGlobalSection
	GlobalSection(ExtensibilityGlobals) = postSolution
		SolutionGuid = {F142D013-0BF1-439B-A2DE-4D590A1D2D30}
	EndGlobalSection
EndGlobal
